{
  "name": "orcafacil",
  "version": "0.0.0",
  "lockfileVersion": 3,
  "requires": true,
  "packages": {
    "": {
      "name": "orcafacil",
      "version": "0.0.0",
      "dependencies": {
        "orcafacil": "file:"
      }
    },
    "node_modules/orcafacil": {
      "resolved": "",
      "link": true
    }
  }
}
